
Microsoft Visual Studio Solution File, Format Version 12.00
# Visual Studio 15
VisualStudioVersion = 15.0.27625.0
MinimumVisualStudioVersion = 10.0.40219.1
Project("{2150E333-8FDC-42A3-9474-1A3956D46DE8}") = "Core", "Core", "{1BA4ED37-4EF1-42E7-ACDF-FDFB5B19756B}"
EndProject
Project("{2150E333-8FDC-42A3-9474-1A3956D46DE8}") = "Test", "Test", "{87599611-0027-44E8-BA95-D972E183A022}"
EndProject
Project("{2150E333-8FDC-42A3-9474-1A3956D46DE8}") = "Service", "Service", "{F68F6B56-E63E-47AC-9400-99FB94C0FD57}"
EndProject
Project("{9A19103F-16F7-4668-BE54-9A1E7A4F7556}") = "ViveTracker.Treadmill.VirtualGamePad", "src\ViveTracker.Treadmill.VirtualGamePad\ViveTracker.Treadmill.VirtualGamePad.csproj", "{EE794250-13A6-4159-8723-F30DBD21423A}"
EndProject
Project("{2150E333-8FDC-42A3-9474-1A3956D46DE8}") = "ThirdParty", "ThirdParty", "{0F923955-0A75-4507-BFD8-4F042AEC2910}"
EndProject
Project("{FAE04EC0-301F-11D3-BF4B-00C04F79EFBC}") = "ViveTracker.Treadmill.ServiceHost", "src\ViveTracker.Treadmill.ServiceHost\ViveTracker.Treadmill.ServiceHost.csproj", "{8B310B7C-AB7A-49CA-BE67-2F43616A0E8A}"
EndProject
Project("{9A19103F-16F7-4668-BE54-9A1E7A4F7556}") = "ViveTracker.Treadmill.ServiceCore", "src\ViveTracker.Treadmill.ServiceCore\ViveTracker.Treadmill.ServiceCore.csproj", "{301D4BDD-0B79-4ABC-80D7-640AB5C2398E}"
EndProject
Project("{FAE04EC0-301F-11D3-BF4B-00C04F79EFBC}") = "ViveTracker.Treadmill.FakeServiceHost", "src\ViveTracker.Treadmill.FakeServiceHost\ViveTracker.Treadmill.FakeServiceHost.csproj", "{20CFE1AA-7426-4810-B2F4-43C5F3CEA69A}"
	ProjectSection(ProjectDependencies) = postProject
		{EE794250-13A6-4159-8723-F30DBD21423A} = {EE794250-13A6-4159-8723-F30DBD21423A}
	EndProjectSection
EndProject
Project("{2150E333-8FDC-42A3-9474-1A3956D46DE8}") = "UI", "UI", "{75C3F5B9-3B63-4F24-B595-704519427B38}"
EndProject
Project("{FAE04EC0-301F-11D3-BF4B-00C04F79EFBC}") = "ViveTracker.Treadmill.Configuration.Forms", "src\ViveTracker.Treadmill.Configuration.Forms\ViveTracker.Treadmill.Configuration.Forms.csproj", "{4FD85FF7-9DBA-4867-9650-3B933926C343}"
EndProject
Project("{FAE04EC0-301F-11D3-BF4B-00C04F79EFBC}") = "ViveTracker.Treadmill.Configuration", "src\ViveTracker.Treadmill.Configuration\ViveTracker.Treadmill.Configuration.csproj", "{B959D3D2-C233-4740-AD63-5A98719FFC6D}"
EndProject
Global
	GlobalSection(SolutionConfigurationPlatforms) = preSolution
		Debug|Any CPU = Debug|Any CPU
		Release|Any CPU = Release|Any CPU
	EndGlobalSection
	GlobalSection(ProjectConfigurationPlatforms) = postSolution
		{EE794250-13A6-4159-8723-F30DBD21423A}.Debug|Any CPU.ActiveCfg = Debug|Any CPU
		{EE794250-13A6-4159-8723-F30DBD21423A}.Debug|Any CPU.Build.0 = Debug|Any CPU
		{EE794250-13A6-4159-8723-F30DBD21423A}.Release|Any CPU.ActiveCfg = Release|Any CPU
		{EE794250-13A6-4159-8723-F30DBD21423A}.Release|Any CPU.Build.0 = Release|Any CPU
		{8B310B7C-AB7A-49CA-BE67-2F43616A0E8A}.Debug|Any CPU.ActiveCfg = Debug|Any CPU
		{8B310B7C-AB7A-49CA-BE67-2F43616A0E8A}.Debug|Any CPU.Build.0 = Debug|Any CPU
		{8B310B7C-AB7A-49CA-BE67-2F43616A0E8A}.Release|Any CPU.ActiveCfg = Release|Any CPU
		{8B310B7C-AB7A-49CA-BE67-2F43616A0E8A}.Release|Any CPU.Build.0 = Release|Any CPU
		{301D4BDD-0B79-4ABC-80D7-640AB5C2398E}.Debug|Any CPU.ActiveCfg = Debug|Any CPU
		{301D4BDD-0B79-4ABC-80D7-640AB5C2398E}.Debug|Any CPU.Build.0 = Debug|Any CPU
		{301D4BDD-0B79-4ABC-80D7-640AB5C2398E}.Release|Any CPU.ActiveCfg = Release|Any CPU
		{301D4BDD-0B79-4ABC-80D7-640AB5C2398E}.Release|Any CPU.Build.0 = Release|Any CPU
		{20CFE1AA-7426-4810-B2F4-43C5F3CEA69A}.Debug|Any CPU.ActiveCfg = Debug|Any CPU
		{20CFE1AA-7426-4810-B2F4-43C5F3CEA69A}.Debug|Any CPU.Build.0 = Debug|Any CPU
		{20CFE1AA-7426-4810-B2F4-43C5F3CEA69A}.Release|Any CPU.ActiveCfg = Release|Any CPU
		{20CFE1AA-7426-4810-B2F4-43C5F3CEA69A}.Release|Any CPU.Build.0 = Release|Any CPU
		{4FD85FF7-9DBA-4867-9650-3B933926C343}.Debug|Any CPU.ActiveCfg = Debug|Any CPU
		{4FD85FF7-9DBA-4867-9650-3B933926C343}.Debug|Any CPU.Build.0 = Debug|Any CPU
		{4FD85FF7-9DBA-4867-9650-3B933926C343}.Release|Any CPU.ActiveCfg = Release|Any CPU
		{4FD85FF7-9DBA-4867-9650-3B933926C343}.Release|Any CPU.Build.0 = Release|Any CPU
		{B959D3D2-C233-4740-AD63-5A98719FFC6D}.Debug|Any CPU.ActiveCfg = Debug|Any CPU
		{B959D3D2-C233-4740-AD63-5A98719FFC6D}.Debug|Any CPU.Build.0 = Debug|Any CPU
		{B959D3D2-C233-4740-AD63-5A98719FFC6D}.Release|Any CPU.ActiveCfg = Release|Any CPU
		{B959D3D2-C233-4740-AD63-5A98719FFC6D}.Release|Any CPU.Build.0 = Release|Any CPU
	EndGlobalSection
	GlobalSection(SolutionProperties) = preSolution
		HideSolutionNode = FALSE
	EndGlobalSection
	GlobalSection(NestedProjects) = preSolution
		{EE794250-13A6-4159-8723-F30DBD21423A} = {1BA4ED37-4EF1-42E7-ACDF-FDFB5B19756B}
		{0F923955-0A75-4507-BFD8-4F042AEC2910} = {1BA4ED37-4EF1-42E7-ACDF-FDFB5B19756B}
		{8B310B7C-AB7A-49CA-BE67-2F43616A0E8A} = {F68F6B56-E63E-47AC-9400-99FB94C0FD57}
		{301D4BDD-0B79-4ABC-80D7-640AB5C2398E} = {F68F6B56-E63E-47AC-9400-99FB94C0FD57}
		{20CFE1AA-7426-4810-B2F4-43C5F3CEA69A} = {F68F6B56-E63E-47AC-9400-99FB94C0FD57}
		{4FD85FF7-9DBA-4867-9650-3B933926C343} = {75C3F5B9-3B63-4F24-B595-704519427B38}
		{B959D3D2-C233-4740-AD63-5A98719FFC6D} = {1BA4ED37-4EF1-42E7-ACDF-FDFB5B19756B}
	EndGlobalSection
	GlobalSection(ExtensibilityGlobals) = postSolution
		SolutionGuid = {FDF8701C-DD48-44FA-BED8-86BECD4DAF45}
	EndGlobalSection
EndGlobal
